[ "cauldron": {:git, "git://github.com/meh/cauldron.git", "5b405bf99cdbc1234afcda5f49268d8f5127494f", []},
  "datastructures": {:git, "git://github.com/meh/elixir-datastructures.git", "930186828cd4ff7a1f3a4eef4f6212717f314ce0", []},
  "finalizer": {:git, "git://github.com/meh/elixir-finalizer.git", "9c38d9145824a46c66f1a010e137a953a6c78e04", []},
  "jazz": {:git, "git://github.com/meh/jazz.git", "f5c1375369195a387b74eed3ac088114c8ffc5a9", []},
  "resource": {:git, "git://github.com/tonyrog/resource.git", "37264ec960263cec0df8d6db0da818297b8d5771", []},
  "socket": {:git, "git://github.com/meh/elixir-socket.git", "3b29e95e63a2f81d80814975fd3f816813444a18", []} ]
